
Microsoft Visual Studio Solution File, Format Version 12.00
# Visual Studio Version 16
VisualStudioVersion = 16.0.29409.12
MinimumVisualStudioVersion = 10.0.40219.1
Project("{FAE04EC0-301F-11D3-BF4B-00C04F79EFBC}") = "lab11.1_ManinYaroslav_AlekseevIgor_374", "lab11.1_ManinYaroslav_AlekseevIgor_374\lab11.1_ManinYaroslav_AlekseevIgor_374.csproj", "{D8E4DB35-5F71-4B3A-AF94-B3D994638717}"
EndProject
Global
	GlobalSection(SolutionConfigurationPlatforms) = preSolution
		Debug|Any CPU = Debug|Any CPU
		Release|Any CPU = Release|Any CPU
	EndGlobalSection
	GlobalSection(ProjectConfigurationPlatforms) = postSolution
		{D8E4DB35-5F71-4B3A-AF94-B3D994638717}.Debug|Any CPU.ActiveCfg = Debug|Any CPU
		{D8E4DB35-5F71-4B3A-AF94-B3D994638717}.Debug|Any CPU.Build.0 = Debug|Any CPU
		{D8E4DB35-5F71-4B3A-AF94-B3D994638717}.Release|Any CPU.ActiveCfg = Release|Any CPU
		{D8E4DB35-5F71-4B3A-AF94-B3D994638717}.Release|Any CPU.Build.0 = Release|Any CPU
	EndGlobalSection
	GlobalSection(SolutionProperties) = preSolution
		HideSolutionNode = FALSE
	EndGlobalSection
	GlobalSection(ExtensibilityGlobals) = postSolution
		SolutionGuid = {10CADEDB-6A37-40A4-A775-29E2A1620176}
	EndGlobalSection
EndGlobal
